Microsoft Visual Studio Solution File, Format Version 12.00
# Visual Studio Version 16
VisualStudioVersion = 16.0.29609.76
MinimumVisualStudioVersion = 10.0.40219.1
Project("{9A19103F-16F7-4668-BE54-9A1E7A4F7556}") = "MOF.Etimad.Monafasat.Web", "Src\MOF.Etimad.Monafasat.Web\MOF.Etimad.Monafasat.Web.csproj", "{3C46526B-1D33-421B-A96D-A88A7FACFD0D}"
EndProject
Project("{9A19103F-16F7-4668-BE54-9A1E7A4F7556}") = "MOF.Etimad.Monafasat.Core", "Src\MOF.Etimad.Monafasat.Core\MOF.Etimad.Monafasat.Core.csproj", "{6ED2A578-97F6-4C93-B45A-379C99EBBA68}"
EndProject
Project("{9A19103F-16F7-4668-BE54-9A1E7A4F7556}") = "MOF.Etimad.Monafasat.Services", "Src\MOF.Etimad.Monafasat.Services\MOF.Etimad.Monafasat.Services.csproj", "{2E913551-CA79-4C8A-8805-2062FC123FD4}"
EndProject
Project("{9A19103F-16F7-4668-BE54-9A1E7A4F7556}") = "MOF.Etimad.Monafasat.Data", "Src\MOF.Etimad.Monafasat.Data\MOF.Etimad.Monafasat.Data.csproj", "{2D6F2CF3-49A4-4118-A5F5-AC37BAE2C2D7}"
EndProject
Project("{9A19103F-16F7-4668-BE54-9A1E7A4F7556}") = "MOF.Etimad.Monafasat.Integration", "Src\MOF.Etimad.Monafasat.Integration\MOF.Etimad.Monafasat.Integration.csproj", "{9E40C73C-B693-4627-95D8-B0F75D808BD5}"
EndProject
Project("{9A19103F-16F7-4668-BE54-9A1E7A4F7556}") = "MOF.Etimad.Monafasat.WebApi", "Src\MOF.Etimad.Monafasat.WebApi\MOF.Etimad.Monafasat.WebApi.csproj", "{5BD655AD-1426-4692-B435-DE58B2291EA3}"
EndProject
Project("{9A19103F-16F7-4668-BE54-9A1E7A4F7556}") = "MOF.Etimad.Monafasat.SharedKernel", "Src\MOF.Etimad.Monafasat.SharedKernel\MOF.Etimad.Monafasat.SharedKernel.csproj", "{1372929C-508A-490F-A99C-37663E105585}"
EndProject
Project("{2150E333-8FDC-42A3-9474-1A3956D46DE8}") = "Src", "Src", "{4B7FD880-978E-4519-B43A-41DD12BD2C1C}"
EndProject
Project("{2150E333-8FDC-42A3-9474-1A3956D46DE8}") = "Tests", "Tests", "{12816F9B-8F59-4FC7-9C2B-FDDBB4AE5829}"
EndProject
Project("{9A19103F-16F7-4668-BE54-9A1E7A4F7556}") = "MOF.Etimad.Monafasat.ViewModel", "Src\MOF.Etimad.Monafasat.ViewModel\MOF.Etimad.Monafasat.ViewModel.csproj", "{34B594CC-6A34-4FD1-9A3B-9EAC223F4899}"
EndProject
Project("{9A19103F-16F7-4668-BE54-9A1E7A4F7556}") = "MOF.Etimad.Monafasat.Resources", "Src\MOF.Etimad.Monafasat.Resources\MOF.Etimad.Monafasat.Resources.csproj", "{6ED378D8-5551-4636-9255-B71CA4F2ACA2}"
EndProject
Project("{9A19103F-16F7-4668-BE54-9A1E7A4F7556}") = "MOF.Etimad.Monafasat.Jobs", "Src\MOF.Etimad.Monafasat.Jobs\MOF.Etimad.Monafasat.Jobs.csproj", "{F69D52DB-E808-45EB-8C6C-88350554FACB}"
EndProject
Project("{9A19103F-16F7-4668-BE54-9A1E7A4F7556}") = "MOF.Etimad.Monafasat.PaymentAPI", "Src\MOF.Etimad.Monafasat.PaymentAPI\MOF.Etimad.Monafasat.PaymentAPI.csproj", "{5819EC7A-D8A3-4979-BE58-91E4192AE7E1}"
EndProject
Project("{2150E333-8FDC-42A3-9474-1A3956D46DE8}") = "Solution Items", "Solution Items", "{6EF8119B-924A-4840-AD2A-33A4F27E4CDC}"
	ProjectSection(SolutionItems) = preProject
		.filenesting.json = .filenesting.json
	EndProjectSection
EndProject
Project("{9A19103F-16F7-4668-BE54-9A1E7A4F7556}") = "MOF.Etimad.Monafasat.UnitTests", "Tests\MOF.Etimad.Monafasat.UnitTests\MOF.Etimad.Monafasat.UnitTests.csproj", "{397DC845-334B-49F1-B090-3BB788A1BC16}"
EndProject
Project("{2150E333-8FDC-42A3-9474-1A3956D46DE8}") = "Database", "Database", "{53D81411-704B-49C9-A925-3D08AB8D238E}"
	ProjectSection(SolutionItems) = preProject
		Database\All scripts RollBack v1.3.2.sql = Database\All scripts RollBack v1.3.2.sql
		Database\All scripts_New v1.3.2.sql = Database\All scripts_New v1.3.2.sql
		Database\readme = Database\readme
	EndProjectSection
EndProject
Project("{2150E333-8FDC-42A3-9474-1A3956D46DE8}") = "ApplicationCore", "ApplicationCore", "{11CB52A1-AD99-4ACF-B5EC-38ACF76D3A50}"
EndProject
Project("{2150E333-8FDC-42A3-9474-1A3956D46DE8}") = "Infrastructure", "Infrastructure", "{05956D38-86F3-4CB3-8890-6F6A1B2A5A73}"
EndProject
Project("{2150E333-8FDC-42A3-9474-1A3956D46DE8}") = "Presentation", "Presentation", "{80772EE4-7305-423E-BE61-9C9BE7F17832}"
EndProject
Project("{9A19103F-16F7-4668-BE54-9A1E7A4F7556}") = "MOF.Etimad.Monafasat.FunctionalTests", "Tests\MOF.Etimad.Monafasat.FunctionalTests\MOF.Etimad.Monafasat.FunctionalTests.csproj", "{A206B04D-80BD-4953-9694-4E41EF2C92C9}"
EndProject
Project("{9A19103F-16F7-4668-BE54-9A1E7A4F7556}") = "MOF.Etimad.Monafasat.IntegrationTests", "Tests\MOF.Etimad.Monafasat.IntegrationTests\MOF.Etimad.Monafasat.IntegrationTests.csproj", "{F4BC6DC2-28DF-43E7-865A-AF34222D3EFD}"
EndProject
Project("{9A19103F-16F7-4668-BE54-9A1E7A4F7556}") = "MOF.Etimad.Monafasat.TestsBuilders", "Tests\MOF.Etimad.Monafasat.TestsBuilders\MOF.Etimad.Monafasat.TestsBuilders.csproj", "{DF5085D8-A521-4A13-89ED-6FF2585FBB6B}"
EndProject
Project("{2150E333-8FDC-42A3-9474-1A3956D46DE8}") = "ReleaseNote", "ReleaseNote", "{EC052B18-45D7-4EA8-86FD-E41B4A694C4F}"
	ProjectSection(SolutionItems) = preProject
		ReleaseNote\Release Note.docx = ReleaseNote\Release Note.docx
		ReleaseNote\Rollout 16-09-2020.sql = ReleaseNote\Rollout 16-09-2020.sql
	EndProjectSection
EndProject
Project("{9A19103F-16F7-4668-BE54-9A1E7A4F7556}") = "MOF.Etimad.Monafasat.TendersExternalAPI", "Src\MOF.Etimad.Monafasat.TendersExternalAPI\MOF.Etimad.Monafasat.TendersExternalAPI.csproj", "{939E51C1-72D1-450D-B206-61A86BF5BF63}"
EndProject
Project("{2150E333-8FDC-42A3-9474-1A3956D46DE8}") = "TendersExternalAPI", "TendersExternalAPI", "{CD9DC598-B9C3-4B00-AF98-F58669BFCFF3}"
EndProject
Project("{2150E333-8FDC-42A3-9474-1A3956D46DE8}") = "Monafasat.DB", "Monafasat.DB", "{85D2876C-A31C-4225-A091-4A5286E314F2}"
EndProject
Project("{00D1A9C2-B5F0-4AF3-8072-F6C62B433612}") = "MOF.Etimad.Monafasat.Database", "MOF.Etimad.Monafasat.Database\MOF.Etimad.Monafasat.Database.sqlproj", "{89FA524C-C9DD-48BC-8B4E-7253710D7D47}"
EndProject
Global
	GlobalSection(SolutionConfigurationPlatforms) = preSolution
		Debug|Any CPU = Debug|Any CPU
		Debug|x64 = Debug|x64
		Release|Any CPU = Release|Any CPU
		Release|x64 = Release|x64
	EndGlobalSection
	GlobalSection(ProjectConfigurationPlatforms) = postSolution
		{3C46526B-1D33-421B-A96D-A88A7FACFD0D}.Debug|Any CPU.ActiveCfg = Debug|Any CPU
		{3C46526B-1D33-421B-A96D-A88A7FACFD0D}.Debug|Any CPU.Build.0 = Debug|Any CPU
		{3C46526B-1D33-421B-A96D-A88A7FACFD0D}.Debug|x64.ActiveCfg = Debug|Any CPU
		{3C46526B-1D33-421B-A96D-A88A7FACFD0D}.Debug|x64.Build.0 = Debug|Any CPU
		{3C46526B-1D33-421B-A96D-A88A7FACFD0D}.Release|Any CPU.ActiveCfg = Release|Any CPU
		{3C46526B-1D33-421B-A96D-A88A7FACFD0D}.Release|Any CPU.Build.0 = Release|Any CPU
		{3C46526B-1D33-421B-A96D-A88A7FACFD0D}.Release|x64.ActiveCfg = Release|Any CPU
		{3C46526B-1D33-421B-A96D-A88A7FACFD0D}.Release|x64.Build.0 = Release|Any CPU
		{6ED2A578-97F6-4C93-B45A-379C99EBBA68}.Debug|Any CPU.ActiveCfg = Debug|Any CPU
		{6ED2A578-97F6-4C93-B45A-379C99EBBA68}.Debug|Any CPU.Build.0 = Debug|Any CPU
		{6ED2A578-97F6-4C93-B45A-379C99EBBA68}.Debug|x64.ActiveCfg = Debug|Any CPU
		{6ED2A578-97F6-4C93-B45A-379C99EBBA68}.Debug|x64.Build.0 = Debug|Any CPU
		{6ED2A578-97F6-4C93-B45A-379C99EBBA68}.Release|Any CPU.ActiveCfg = Release|Any CPU
		{6ED2A578-97F6-4C93-B45A-379C99EBBA68}.Release|Any CPU.Build.0 = Release|Any CPU
		{6ED2A578-97F6-4C93-B45A-379C99EBBA68}.Release|x64.ActiveCfg = Release|Any CPU
		{6ED2A578-97F6-4C93-B45A-379C99EBBA68}.Release|x64.Build.0 = Release|Any CPU
		{2E913551-CA79-4C8A-8805-2062FC123FD4}.Debug|Any CPU.ActiveCfg = Debug|Any CPU
		{2E913551-CA79-4C8A-8805-2062FC123FD4}.Debug|Any CPU.Build.0 = Debug|Any CPU
		{2E913551-CA79-4C8A-8805-2062FC123FD4}.Debug|x64.ActiveCfg = Debug|Any CPU
		{2E913551-CA79-4C8A-8805-2062FC123FD4}.Debug|x64.Build.0 = Debug|Any CPU
		{2E913551-CA79-4C8A-8805-2062FC123FD4}.Release|Any CPU.ActiveCfg = Release|Any CPU
		{2E913551-CA79-4C8A-8805-2062FC123FD4}.Release|Any CPU.Build.0 = Release|Any CPU
		{2E913551-CA79-4C8A-8805-2062FC123FD4}.Release|x64.ActiveCfg = Release|Any CPU
		{2E913551-CA79-4C8A-8805-2062FC123FD4}.Release|x64.Build.0 = Release|Any CPU
		{2D6F2CF3-49A4-4118-A5F5-AC37BAE2C2D7}.Debug|Any CPU.ActiveCfg = Debug|Any CPU
		{2D6F2CF3-49A4-4118-A5F5-AC37BAE2C2D7}.Debug|Any CPU.Build.0 = Debug|Any CPU
		{2D6F2CF3-49A4-4118-A5F5-AC37BAE2C2D7}.Debug|x64.ActiveCfg = Debug|Any CPU
		{2D6F2CF3-49A4-4118-A5F5-AC37BAE2C2D7}.Debug|x64.Build.0 = Debug|Any CPU
		{2D6F2CF3-49A4-4118-A5F5-AC37BAE2C2D7}.Release|Any CPU.ActiveCfg = Release|Any CPU
		{2D6F2CF3-49A4-4118-A5F5-AC37BAE2C2D7}.Release|Any CPU.Build.0 = Release|Any CPU
		{2D6F2CF3-49A4-4118-A5F5-AC37BAE2C2D7}.Release|x64.ActiveCfg = Release|Any CPU
		{2D6F2CF3-49A4-4118-A5F5-AC37BAE2C2D7}.Release|x64.Build.0 = Release|Any CPU
		{9E40C73C-B693-4627-95D8-B0F75D808BD5}.Debug|Any CPU.ActiveCfg = Debug|Any CPU
		{9E40C73C-B693-4627-95D8-B0F75D808BD5}.Debug|Any CPU.Build.0 = Debug|Any CPU
		{9E40C73C-B693-4627-95D8-B0F75D808BD5}.Debug|x64.ActiveCfg = Debug|Any CPU
		{9E40C73C-B693-4627-95D8-B0F75D808BD5}.Debug|x64.Build.0 = Debug|Any CPU
		{9E40C73C-B693-4627-95D8-B0F75D808BD5}.Release|Any CPU.ActiveCfg = Release|Any CPU
		{9E40C73C-B693-4627-95D8-B0F75D808BD5}.Release|Any CPU.Build.0 = Release|Any CPU
		{9E40C73C-B693-4627-95D8-B0F75D808BD5}.Release|x64.ActiveCfg = Release|Any CPU
		{9E40C73C-B693-4627-95D8-B0F75D808BD5}.Release|x64.Build.0 = Release|Any CPU
		{5BD655AD-1426-4692-B435-DE58B2291EA3}.Debug|Any CPU.ActiveCfg = Debug|Any CPU
		{5BD655AD-1426-4692-B435-DE58B2291EA3}.Debug|Any CPU.Build.0 = Debug|Any CPU
		{5BD655AD-1426-4692-B435-DE58B2291EA3}.Debug|x64.ActiveCfg = Debug|Any CPU
		{5BD655AD-1426-4692-B435-DE58B2291EA3}.Debug|x64.Build.0 = Debug|Any CPU
		{5BD655AD-1426-4692-B435-DE58B2291EA3}.Release|Any CPU.ActiveCfg = Release|Any CPU
		{5BD655AD-1426-4692-B435-DE58B2291EA3}.Release|Any CPU.Build.0 = Release|Any CPU
		{5BD655AD-1426-4692-B435-DE58B2291EA3}.Release|x64.ActiveCfg = Release|Any CPU
		{5BD655AD-1426-4692-B435-DE58B2291EA3}.Release|x64.Build.0 = Release|Any CPU
		{1372929C-508A-490F-A99C-37663E105585}.Debug|Any CPU.ActiveCfg = Debug|Any CPU
		{1372929C-508A-490F-A99C-37663E105585}.Debug|Any CPU.Build.0 = Debug|Any CPU
		{1372929C-508A-490F-A99C-37663E105585}.Debug|x64.ActiveCfg = Debug|Any CPU
		{1372929C-508A-490F-A99C-37663E105585}.Debug|x64.Build.0 = Debug|Any CPU
		{1372929C-508A-490F-A99C-37663E105585}.Release|Any CPU.ActiveCfg = Release|Any CPU
		{1372929C-508A-490F-A99C-37663E105585}.Release|Any CPU.Build.0 = Release|Any CPU
		{1372929C-508A-490F-A99C-37663E105585}.Release|x64.ActiveCfg = Release|Any CPU
		{1372929C-508A-490F-A99C-37663E105585}.Release|x64.Build.0 = Release|Any CPU
		{34B594CC-6A34-4FD1-9A3B-9EAC223F4899}.Debug|Any CPU.ActiveCfg = Debug|Any CPU
		{34B594CC-6A34-4FD1-9A3B-9EAC223F4899}.Debug|Any CPU.Build.0 = Debug|Any CPU
		{34B594CC-6A34-4FD1-9A3B-9EAC223F4899}.Debug|x64.ActiveCfg = Debug|Any CPU
		{34B594CC-6A34-4FD1-9A3B-9EAC223F4899}.Debug|x64.Build.0 = Debug|Any CPU
		{34B594CC-6A34-4FD1-9A3B-9EAC223F4899}.Release|Any CPU.ActiveCfg = Release|Any CPU
		{34B594CC-6A34-4FD1-9A3B-9EAC223F4899}.Release|Any CPU.Build.0 = Release|Any CPU
		{34B594CC-6A34-4FD1-9A3B-9EAC223F4899}.Release|x64.ActiveCfg = Release|Any CPU
		{34B594CC-6A34-4FD1-9A3B-9EAC223F4899}.Release|x64.Build.0 = Release|Any CPU
		{6ED378D8-5551-4636-9255-B71CA4F2ACA2}.Debug|Any CPU.ActiveCfg = Debug|Any CPU
		{6ED378D8-5551-4636-9255-B71CA4F2ACA2}.Debug|Any CPU.Build.0 = Debug|Any CPU
		{6ED378D8-5551-4636-9255-B71CA4F2ACA2}.Debug|x64.ActiveCfg = Debug|Any CPU
		{6ED378D8-5551-4636-9255-B71CA4F2ACA2}.Debug|x64.Build.0 = Debug|Any CPU
		{6ED378D8-5551-4636-9255-B71CA4F2ACA2}.Release|Any CPU.ActiveCfg = Release|Any CPU
		{6ED378D8-5551-4636-9255-B71CA4F2ACA2}.Release|Any CPU.Build.0 = Release|Any CPU
		{6ED378D8-5551-4636-9255-B71CA4F2ACA2}.Release|x64.ActiveCfg = Release|Any CPU
		{6ED378D8-5551-4636-9255-B71CA4F2ACA2}.Release|x64.Build.0 = Release|Any CPU
		{F69D52DB-E808-45EB-8C6C-88350554FACB}.Debug|Any CPU.ActiveCfg = Debug|Any CPU
		{F69D52DB-E808-45EB-8C6C-88350554FACB}.Debug|Any CPU.Build.0 = Debug|Any CPU
		{F69D52DB-E808-45EB-8C6C-88350554FACB}.Debug|x64.ActiveCfg = Debug|Any CPU
		{F69D52DB-E808-45EB-8C6C-88350554FACB}.Debug|x64.Build.0 = Debug|Any CPU
		{F69D52DB-E808-45EB-8C6C-88350554FACB}.Release|Any CPU.ActiveCfg = Release|Any CPU
		{F69D52DB-E808-45EB-8C6C-88350554FACB}.Release|Any CPU.Build.0 = Release|Any CPU
		{F69D52DB-E808-45EB-8C6C-88350554FACB}.Release|x64.ActiveCfg = Release|Any CPU
		{F69D52DB-E808-45EB-8C6C-88350554FACB}.Release|x64.Build.0 = Release|Any CPU
		{5819EC7A-D8A3-4979-BE58-91E4192AE7E1}.Debug|Any CPU.ActiveCfg = Debug|Any CPU
		{5819EC7A-D8A3-4979-BE58-91E4192AE7E1}.Debug|Any CPU.Build.0 = Debug|Any CPU
		{5819EC7A-D8A3-4979-BE58-91E4192AE7E1}.Debug|x64.ActiveCfg = Debug|Any CPU
		{5819EC7A-D8A3-4979-BE58-91E4192AE7E1}.Debug|x64.Build.0 = Debug|Any CPU
		{5819EC7A-D8A3-4979-BE58-91E4192AE7E1}.Release|Any CPU.ActiveCfg = Release|Any CPU
		{5819EC7A-D8A3-4979-BE58-91E4192AE7E1}.Release|Any CPU.Build.0 = Release|Any CPU
		{5819EC7A-D8A3-4979-BE58-91E4192AE7E1}.Release|x64.ActiveCfg = Release|Any CPU
		{5819EC7A-D8A3-4979-BE58-91E4192AE7E1}.Release|x64.Build.0 = Release|Any CPU
		{397DC845-334B-49F1-B090-3BB788A1BC16}.Debug|Any CPU.ActiveCfg = Debug|Any CPU
		{397DC845-334B-49F1-B090-3BB788A1BC16}.Debug|Any CPU.Build.0 = Debug|Any CPU
		{397DC845-334B-49F1-B090-3BB788A1BC16}.Debug|x64.ActiveCfg = Debug|Any CPU
		{397DC845-334B-49F1-B090-3BB788A1BC16}.Debug|x64.Build.0 = Debug|Any CPU
		{397DC845-334B-49F1-B090-3BB788A1BC16}.Release|Any CPU.ActiveCfg = Release|Any CPU
		{397DC845-334B-49F1-B090-3BB788A1BC16}.Release|Any CPU.Build.0 = Release|Any CPU
		{397DC845-334B-49F1-B090-3BB788A1BC16}.Release|x64.ActiveCfg = Release|Any CPU
		{397DC845-334B-49F1-B090-3BB788A1BC16}.Release|x64.Build.0 = Release|Any CPU
		{A206B04D-80BD-4953-9694-4E41EF2C92C9}.Debug|Any CPU.ActiveCfg = Debug|Any CPU
		{A206B04D-80BD-4953-9694-4E41EF2C92C9}.Debug|Any CPU.Build.0 = Debug|Any CPU
		{A206B04D-80BD-4953-9694-4E41EF2C92C9}.Debug|x64.ActiveCfg = Debug|Any CPU
		{A206B04D-80BD-4953-9694-4E41EF2C92C9}.Debug|x64.Build.0 = Debug|Any CPU
		{A206B04D-80BD-4953-9694-4E41EF2C92C9}.Release|Any CPU.ActiveCfg = Release|Any CPU
		{A206B04D-80BD-4953-9694-4E41EF2C92C9}.Release|Any CPU.Build.0 = Release|Any CPU
		{A206B04D-80BD-4953-9694-4E41EF2C92C9}.Release|x64.ActiveCfg = Release|Any CPU
		{A206B04D-80BD-4953-9694-4E41EF2C92C9}.Release|x64.Build.0 = Release|Any CPU
		{F4BC6DC2-28DF-43E7-865A-AF34222D3EFD}.Debug|Any CPU.ActiveCfg = Debug|Any CPU
		{F4BC6DC2-28DF-43E7-865A-AF34222D3EFD}.Debug|Any CPU.Build.0 = Debug|Any CPU
		{F4BC6DC2-28DF-43E7-865A-AF34222D3EFD}.Debug|x64.ActiveCfg = Debug|Any CPU
		{F4BC6DC2-28DF-43E7-865A-AF34222D3EFD}.Debug|x64.Build.0 = Debug|Any CPU
		{F4BC6DC2-28DF-43E7-865A-AF34222D3EFD}.Release|Any CPU.ActiveCfg = Release|Any CPU
		{F4BC6DC2-28DF-43E7-865A-AF34222D3EFD}.Release|Any CPU.Build.0 = Release|Any CPU
		{F4BC6DC2-28DF-43E7-865A-AF34222D3EFD}.Release|x64.ActiveCfg = Release|Any CPU
		{F4BC6DC2-28DF-43E7-865A-AF34222D3EFD}.Release|x64.Build.0 = Release|Any CPU
		{DF5085D8-A521-4A13-89ED-6FF2585FBB6B}.Debug|Any CPU.ActiveCfg = Debug|Any CPU
		{DF5085D8-A521-4A13-89ED-6FF2585FBB6B}.Debug|Any CPU.Build.0 = Debug|Any CPU
		{DF5085D8-A521-4A13-89ED-6FF2585FBB6B}.Debug|x64.ActiveCfg = Debug|Any CPU
		{DF5085D8-A521-4A13-89ED-6FF2585FBB6B}.Debug|x64.Build.0 = Debug|Any CPU
		{DF5085D8-A521-4A13-89ED-6FF2585FBB6B}.Release|Any CPU.ActiveCfg = Release|Any CPU
		{DF5085D8-A521-4A13-89ED-6FF2585FBB6B}.Release|Any CPU.Build.0 = Release|Any CPU
		{DF5085D8-A521-4A13-89ED-6FF2585FBB6B}.Release|x64.ActiveCfg = Release|Any CPU
		{DF5085D8-A521-4A13-89ED-6FF2585FBB6B}.Release|x64.Build.0 = Release|Any CPU
		{939E51C1-72D1-450D-B206-61A86BF5BF63}.Debug|Any CPU.ActiveCfg = Debug|Any CPU
		{939E51C1-72D1-450D-B206-61A86BF5BF63}.Debug|Any CPU.Build.0 = Debug|Any CPU
		{939E51C1-72D1-450D-B206-61A86BF5BF63}.Debug|x64.ActiveCfg = Debug|Any CPU
		{939E51C1-72D1-450D-B206-61A86BF5BF63}.Debug|x64.Build.0 = Debug|Any CPU
		{939E51C1-72D1-450D-B206-61A86BF5BF63}.Release|Any CPU.ActiveCfg = Release|Any CPU
		{939E51C1-72D1-450D-B206-61A86BF5BF63}.Release|Any CPU.Build.0 = Release|Any CPU
		{939E51C1-72D1-450D-B206-61A86BF5BF63}.Release|x64.ActiveCfg = Release|Any CPU
		{939E51C1-72D1-450D-B206-61A86BF5BF63}.Release|x64.Build.0 = Release|Any CPU
		{89FA524C-C9DD-48BC-8B4E-7253710D7D47}.Debug|Any CPU.ActiveCfg = Debug|Any CPU
		{89FA524C-C9DD-48BC-8B4E-7253710D7D47}.Debug|Any CPU.Build.0 = Debug|Any CPU
		{89FA524C-C9DD-48BC-8B4E-7253710D7D47}.Debug|Any CPU.Deploy.0 = Debug|Any CPU
		{89FA524C-C9DD-48BC-8B4E-7253710D7D47}.Debug|x64.ActiveCfg = Debug|Any CPU
		{89FA524C-C9DD-48BC-8B4E-7253710D7D47}.Debug|x64.Build.0 = Debug|Any CPU
		{89FA524C-C9DD-48BC-8B4E-7253710D7D47}.Debug|x64.Deploy.0 = Debug|Any CPU
		{89FA524C-C9DD-48BC-8B4E-7253710D7D47}.Release|Any CPU.ActiveCfg = Release|Any CPU
		{89FA524C-C9DD-48BC-8B4E-7253710D7D47}.Release|Any CPU.Build.0 = Release|Any CPU
		{89FA524C-C9DD-48BC-8B4E-7253710D7D47}.Release|Any CPU.Deploy.0 = Release|Any CPU
		{89FA524C-C9DD-48BC-8B4E-7253710D7D47}.Release|x64.ActiveCfg = Release|Any CPU
		{89FA524C-C9DD-48BC-8B4E-7253710D7D47}.Release|x64.Build.0 = Release|Any CPU
		{89FA524C-C9DD-48BC-8B4E-7253710D7D47}.Release|x64.Deploy.0 = Release|Any CPU
	EndGlobalSection
	GlobalSection(SolutionProperties) = preSolution
		HideSolutionNode = FALSE
	EndGlobalSection
	GlobalSection(NestedProjects) = preSolution
		{3C46526B-1D33-421B-A96D-A88A7FACFD0D} = {80772EE4-7305-423E-BE61-9C9BE7F17832}
		{6ED2A578-97F6-4C93-B45A-379C99EBBA68} = {11CB52A1-AD99-4ACF-B5EC-38ACF76D3A50}
		{2E913551-CA79-4C8A-8805-2062FC123FD4} = {11CB52A1-AD99-4ACF-B5EC-38ACF76D3A50}
		{2D6F2CF3-49A4-4118-A5F5-AC37BAE2C2D7} = {05956D38-86F3-4CB3-8890-6F6A1B2A5A73}
		{9E40C73C-B693-4627-95D8-B0F75D808BD5} = {05956D38-86F3-4CB3-8890-6F6A1B2A5A73}
		{5BD655AD-1426-4692-B435-DE58B2291EA3} = {80772EE4-7305-423E-BE61-9C9BE7F17832}
		{1372929C-508A-490F-A99C-37663E105585} = {11CB52A1-AD99-4ACF-B5EC-38ACF76D3A50}
		{34B594CC-6A34-4FD1-9A3B-9EAC223F4899} = {11CB52A1-AD99-4ACF-B5EC-38ACF76D3A50}
		{6ED378D8-5551-4636-9255-B71CA4F2ACA2} = {11CB52A1-AD99-4ACF-B5EC-38ACF76D3A50}
		{F69D52DB-E808-45EB-8C6C-88350554FACB} = {80772EE4-7305-423E-BE61-9C9BE7F17832}
		{5819EC7A-D8A3-4979-BE58-91E4192AE7E1} = {80772EE4-7305-423E-BE61-9C9BE7F17832}
		{397DC845-334B-49F1-B090-3BB788A1BC16} = {12816F9B-8F59-4FC7-9C2B-FDDBB4AE5829}
		{11CB52A1-AD99-4ACF-B5EC-38ACF76D3A50} = {4B7FD880-978E-4519-B43A-41DD12BD2C1C}
		{05956D38-86F3-4CB3-8890-6F6A1B2A5A73} = {4B7FD880-978E-4519-B43A-41DD12BD2C1C}
		{80772EE4-7305-423E-BE61-9C9BE7F17832} = {4B7FD880-978E-4519-B43A-41DD12BD2C1C}
		{A206B04D-80BD-4953-9694-4E41EF2C92C9} = {12816F9B-8F59-4FC7-9C2B-FDDBB4AE5829}
		{F4BC6DC2-28DF-43E7-865A-AF34222D3EFD} = {12816F9B-8F59-4FC7-9C2B-FDDBB4AE5829}
		{DF5085D8-A521-4A13-89ED-6FF2585FBB6B} = {12816F9B-8F59-4FC7-9C2B-FDDBB4AE5829}
		{939E51C1-72D1-450D-B206-61A86BF5BF63} = {CD9DC598-B9C3-4B00-AF98-F58669BFCFF3}
		{CD9DC598-B9C3-4B00-AF98-F58669BFCFF3} = {4B7FD880-978E-4519-B43A-41DD12BD2C1C}
		{89FA524C-C9DD-48BC-8B4E-7253710D7D47} = {85D2876C-A31C-4225-A091-4A5286E314F2}
	EndGlobalSection
	GlobalSection(ExtensibilityGlobals) = postSolution
		SolutionGuid = {38BD18A8-318D-434F-AF04-4E52E5490C17}
	EndGlobalSection
EndGlobal
